
Microsoft Visual Studio Solution File, Format Version 12.00
# Visual Studio Version 17
VisualStudioVersion = 17.1.32319.34
MinimumVisualStudioVersion = 10.0.40219.1
Project("{8BC9CEB8-8B4A-11D0-8D11-00A0C91BC942}") = "Visual Studio Setup", "Visual Studio Setup\Visual Studio Setup.vcxproj", "{8CC21EEE-5E00-4E41-A28A-5DA884FC14E8}"
EndProject
Project("{8BC9CEB8-8B4A-11D0-8D11-00A0C91BC942}") = "Streams", "Streams\Streams.vcxproj", "{C10E5382-555C-42A7-A558-58DFB4699F1F}"
EndProject
Project("{8BC9CEB8-8B4A-11D0-8D11-00A0C91BC942}") = "Discussion 1", "Discussion 1\Discussion 1.vcxproj", "{A712B8FB-7D0B-40E6-BC43-5275E08F2AA2}"
EndProject
Project("{8BC9CEB8-8B4A-11D0-8D11-00A0C91BC942}") = "Discussion 2", "Discussion 2\Discussion 2.vcxproj", "{A2154237-E1DA-4C72-86BC-43D859421122}"
EndProject
Project("{8BC9CEB8-8B4A-11D0-8D11-00A0C91BC942}") = "Discussion 3", "Discussion 3\Discussion 3.vcxproj", "{2F38C1CD-0D54-4BF1-8AE4-551E34112DB3}"
EndProject
Project("{8BC9CEB8-8B4A-11D0-8D11-00A0C91BC942}") = "Discussion 4", "Discussion 4\Discussion 4.vcxproj", "{3A687257-0F8C-4A2E-9AFE-C77AEF5EE55A}"
EndProject
Project("{8BC9CEB8-8B4A-11D0-8D11-00A0C91BC942}") = "Discussion 5", "Discussion 5\Discussion 5.vcxproj", "{C0EB8F20-7C30-44BA-8D4F-C161C016CA00}"
EndProject
Project("{8BC9CEB8-8B4A-11D0-8D11-00A0C91BC942}") = "PA3 Walkthrough", "PA3 Walkthrough\PA3 Walkthrough.vcxproj", "{B2101F7C-D4E1-47A5-B7C7-AC9530EC2ECE}"
EndProject
Project("{8BC9CEB8-8B4A-11D0-8D11-00A0C91BC942}") = "Discussion 6", "Discussion 6\Discussion 6.vcxproj", "{811F8870-2139-4A0A-82D8-FA7D6DE56002}"
EndProject
Project("{8BC9CEB8-8B4A-11D0-8D11-00A0C91BC942}") = "Discussion 7", "Discussion 7\Discussion 7.vcxproj", "{F7B6A607-C810-4F0F-9CBC-B0B98768C483}"
EndProject
Global
	GlobalSection(SolutionConfigurationPlatforms) = preSolution
		Debug|x64 = Debug|x64
		Debug|x86 = Debug|x86
		Release|x64 = Release|x64
		Release|x86 = Release|x86
	EndGlobalSection
	GlobalSection(ProjectConfigurationPlatforms) = postSolution
		{8CC21EEE-5E00-4E41-A28A-5DA884FC14E8}.Debug|x64.ActiveCfg = Debug|x64
		{8CC21EEE-5E00-4E41-A28A-5DA884FC14E8}.Debug|x64.Build.0 = Debug|x64
		{8CC21EEE-5E00-4E41-A28A-5DA884FC14E8}.Debug|x86.ActiveCfg = Debug|Win32
		{8CC21EEE-5E00-4E41-A28A-5DA884FC14E8}.Debug|x86.Build.0 = Debug|Win32
		{8CC21EEE-5E00-4E41-A28A-5DA884FC14E8}.Release|x64.ActiveCfg = Release|x64
		{8CC21EEE-5E00-4E41-A28A-5DA884FC14E8}.Release|x64.Build.0 = Release|x64
		{8CC21EEE-5E00-4E41-A28A-5DA884FC14E8}.Release|x86.ActiveCfg = Release|Win32
		{8CC21EEE-5E00-4E41-A28A-5DA884FC14E8}.Release|x86.Build.0 = Release|Win32
		{C10E5382-555C-42A7-A558-58DFB4699F1F}.Debug|x64.ActiveCfg = Debug|x64
		{C10E5382-555C-42A7-A558-58DFB4699F1F}.Debug|x64.Build.0 = Debug|x64
		{C10E5382-555C-42A7-A558-58DFB4699F1F}.Debug|x86.ActiveCfg = Debug|Win32
		{C10E5382-555C-42A7-A558-58DFB4699F1F}.Debug|x86.Build.0 = Debug|Win32
		{C10E5382-555C-42A7-A558-58DFB4699F1F}.Release|x64.ActiveCfg = Release|x64
		{C10E5382-555C-42A7-A558-58DFB4699F1F}.Release|x64.Build.0 = Release|x64
		{C10E5382-555C-42A7-A558-58DFB4699F1F}.Release|x86.ActiveCfg = Release|Win32
		{C10E5382-555C-42A7-A558-58DFB4699F1F}.Release|x86.Build.0 = Release|Win32
		{A712B8FB-7D0B-40E6-BC43-5275E08F2AA2}.Debug|x64.ActiveCfg = Debug|x64
		{A712B8FB-7D0B-40E6-BC43-5275E08F2AA2}.Debug|x64.Build.0 = Debug|x64
		{A712B8FB-7D0B-40E6-BC43-5275E08F2AA2}.Debug|x86.ActiveCfg = Debug|Win32
		{A712B8FB-7D0B-40E6-BC43-5275E08F2AA2}.Debug|x86.Build.0 = Debug|Win32
		{A712B8FB-7D0B-40E6-BC43-5275E08F2AA2}.Release|x64.ActiveCfg = Release|x64
		{A712B8FB-7D0B-40E6-BC43-5275E08F2AA2}.Release|x64.Build.0 = Release|x64
		{A712B8FB-7D0B-40E6-BC43-5275E08F2AA2}.Release|x86.ActiveCfg = Release|Win32
		{A712B8FB-7D0B-40E6-BC43-5275E08F2AA2}.Release|x86.Build.0 = Release|Win32
		{A2154237-E1DA-4C72-86BC-43D859421122}.Debug|x64.ActiveCfg = Debug|x64
		{A2154237-E1DA-4C72-86BC-43D859421122}.Debug|x64.Build.0 = Debug|x64
		{A2154237-E1DA-4C72-86BC-43D859421122}.Debug|x86.ActiveCfg = Debug|Win32
		{A2154237-E1DA-4C72-86BC-43D859421122}.Debug|x86.Build.0 = Debug|Win32
		{A2154237-E1DA-4C72-86BC-43D859421122}.Release|x64.ActiveCfg = Release|x64
		{A2154237-E1DA-4C72-86BC-43D859421122}.Release|x64.Build.0 = Release|x64
		{A2154237-E1DA-4C72-86BC-43D859421122}.Release|x86.ActiveCfg = Release|Win32
		{A2154237-E1DA-4C72-86BC-43D859421122}.Release|x86.Build.0 = Release|Win32
		{2F38C1CD-0D54-4BF1-8AE4-551E34112DB3}.Debug|x64.ActiveCfg = Debug|x64
		{2F38C1CD-0D54-4BF1-8AE4-551E34112DB3}.Debug|x64.Build.0 = Debug|x64
		{2F38C1CD-0D54-4BF1-8AE4-551E34112DB3}.Debug|x86.ActiveCfg = Debug|Win32
		{2F38C1CD-0D54-4BF1-8AE4-551E34112DB3}.Debug|x86.Build.0 = Debug|Win32
		{2F38C1CD-0D54-4BF1-8AE4-551E34112DB3}.Release|x64.ActiveCfg = Release|x64
		{2F38C1CD-0D54-4BF1-8AE4-551E34112DB3}.Release|x64.Build.0 = Release|x64
		{2F38C1CD-0D54-4BF1-8AE4-551E34112DB3}.Release|x86.ActiveCfg = Release|Win32
		{2F38C1CD-0D54-4BF1-8AE4-551E34112DB3}.Release|x86.Build.0 = Release|Win32
		{3A687257-0F8C-4A2E-9AFE-C77AEF5EE55A}.Debug|x64.ActiveCfg = Debug|x64
		{3A687257-0F8C-4A2E-9AFE-C77AEF5EE55A}.Debug|x64.Build.0 = Debug|x64
		{3A687257-0F8C-4A2E-9AFE-C77AEF5EE55A}.Debug|x86.ActiveCfg = Debug|Win32
		{3A687257-0F8C-4A2E-9AFE-C77AEF5EE55A}.Debug|x86.Build.0 = Debug|Win32
		{3A687257-0F8C-4A2E-9AFE-C77AEF5EE55A}.Release|x64.ActiveCfg = Release|x64
		{3A687257-0F8C-4A2E-9AFE-C77AEF5EE55A}.Release|x64.Build.0 = Release|x64
		{3A687257-0F8C-4A2E-9AFE-C77AEF5EE55A}.Release|x86.ActiveCfg = Release|Win32
		{3A687257-0F8C-4A2E-9AFE-C77AEF5EE55A}.Release|x86.Build.0 = Release|Win32
		{C0EB8F20-7C30-44BA-8D4F-C161C016CA00}.Debug|x64.ActiveCfg = Debug|x64
		{C0EB8F20-7C30-44BA-8D4F-C161C016CA00}.Debug|x64.Build.0 = Debug|x64
		{C0EB8F20-7C30-44BA-8D4F-C161C016CA00}.Debug|x86.ActiveCfg = Debug|Win32
		{C0EB8F20-7C30-44BA-8D4F-C161C016CA00}.Debug|x86.Build.0 = Debug|Win32
		{C0EB8F20-7C30-44BA-8D4F-C161C016CA00}.Release|x64.ActiveCfg = Release|x64
		{C0EB8F20-7C30-44BA-8D4F-C161C016CA00}.Release|x64.Build.0 = Release|x64
		{C0EB8F20-7C30-44BA-8D4F-C161C016CA00}.Release|x86.ActiveCfg = Release|Win32
		{C0EB8F20-7C30-44BA-8D4F-C161C016CA00}.Release|x86.Build.0 = Release|Win32
		{B2101F7C-D4E1-47A5-B7C7-AC9530EC2ECE}.Debug|x64.ActiveCfg = Debug|x64
		{B2101F7C-D4E1-47A5-B7C7-AC9530EC2ECE}.Debug|x64.Build.0 = Debug|x64
		{B2101F7C-D4E1-47A5-B7C7-AC9530EC2ECE}.Debug|x86.ActiveCfg = Debug|Win32
		{B2101F7C-D4E1-47A5-B7C7-AC9530EC2ECE}.Debug|x86.Build.0 = Debug|Win32
		{B2101F7C-D4E1-47A5-B7C7-AC9530EC2ECE}.Release|x64.ActiveCfg = Release|x64
		{B2101F7C-D4E1-47A5-B7C7-AC9530EC2ECE}.Release|x64.Build.0 = Release|x64
		{B2101F7C-D4E1-47A5-B7C7-AC9530EC2ECE}.Release|x86.ActiveCfg = Release|Win32
		{B2101F7C-D4E1-47A5-B7C7-AC9530EC2ECE}.Release|x86.Build.0 = Release|Win32
		{811F8870-2139-4A0A-82D8-FA7D6DE56002}.Debug|x64.ActiveCfg = Debug|x64
		{811F8870-2139-4A0A-82D8-FA7D6DE56002}.Debug|x64.Build.0 = Debug|x64
		{811F8870-2139-4A0A-82D8-FA7D6DE56002}.Debug|x86.ActiveCfg = Debug|Win32
		{811F8870-2139-4A0A-82D8-FA7D6DE56002}.Debug|x86.Build.0 = Debug|Win32
		{811F8870-2139-4A0A-82D8-FA7D6DE56002}.Release|x64.ActiveCfg = Release|x64
		{811F8870-2139-4A0A-82D8-FA7D6DE56002}.Release|x64.Build.0 = Release|x64
		{811F8870-2139-4A0A-82D8-FA7D6DE56002}.Release|x86.ActiveCfg = Release|Win32
		{811F8870-2139-4A0A-82D8-FA7D6DE56002}.Release|x86.Build.0 = Release|Win32
		{F7B6A607-C810-4F0F-9CBC-B0B98768C483}.Debug|x64.ActiveCfg = Debug|x64
		{F7B6A607-C810-4F0F-9CBC-B0B98768C483}.Debug|x64.Build.0 = Debug|x64
		{F7B6A607-C810-4F0F-9CBC-B0B98768C483}.Debug|x86.ActiveCfg = Debug|Win32
		{F7B6A607-C810-4F0F-9CBC-B0B98768C483}.Debug|x86.Build.0 = Debug|Win32
		{F7B6A607-C810-4F0F-9CBC-B0B98768C483}.Release|x64.ActiveCfg = Release|x64
		{F7B6A607-C810-4F0F-9CBC-B0B98768C483}.Release|x64.Build.0 = Release|x64
		{F7B6A607-C810-4F0F-9CBC-B0B98768C483}.Release|x86.ActiveCfg = Release|Win32
		{F7B6A607-C810-4F0F-9CBC-B0B98768C483}.Release|x86.Build.0 = Release|Win32
	EndGlobalSection
	GlobalSection(SolutionProperties) = preSolution
		HideSolutionNode = FALSE
	EndGlobalSection
	GlobalSection(ExtensibilityGlobals) = postSolution
		SolutionGuid = {1BA1EAB9-B803-4016-8C3B-086A48AF5AD0}
	EndGlobalSection
EndGlobal
